
Microsoft Visual Studio Solution File, Format Version 12.00
# Visual Studio Version 17
VisualStudioVersion = 17.10.35122.118
MinimumVisualStudioVersion = 10.0.40219.1
Project("{FAE04EC0-301F-11D3-BF4B-00C04F79EFBC}") = "Alterac", "Alterac\Alterac.csproj", "{5EB23DEF-A5BD-4C5C-AB22-B32F181E4940}"
EndProject
Global
	GlobalSection(SolutionConfigurationPlatforms) = preSolution
		Debug|Any CPU = Debug|Any CPU
		Release|Any CPU = Release|Any CPU
	EndGlobalSection
	GlobalSection(ProjectConfigurationPlatforms) = postSolution
		{5EB23DEF-A5BD-4C5C-AB22-B32F181E4940}.Debug|Any CPU.ActiveCfg = Debug|Any CPU
		{5EB23DEF-A5BD-4C5C-AB22-B32F181E4940}.Debug|Any CPU.Build.0 = Debug|Any CPU
		{5EB23DEF-A5BD-4C5C-AB22-B32F181E4940}.Release|Any CPU.ActiveCfg = Release|Any CPU
		{5EB23DEF-A5BD-4C5C-AB22-B32F181E4940}.Release|Any CPU.Build.0 = Release|Any CPU
	EndGlobalSection
	GlobalSection(SolutionProperties) = preSolution
		HideSolutionNode = FALSE
	EndGlobalSection
	GlobalSection(ExtensibilityGlobals) = postSolution
		SolutionGuid = {E322A179-7454-48C1-8CC0-0BA1FD4DE630}
	EndGlobalSection
EndGlobal
